lockfileVersion: '9.0'

settings:
  autoInstallPeers: true
  excludeLinksFromLockfile: false

importers:

  .:
    devDependencies:
      serverless:
        specifier: ^4.0.0
        version: 4.43.0

packages:

  serverless@4.43.0:
    resolution: {integrity: sha512-ukk3LARQ89Cn2phMyIrwabfy3rx3IoENWKvDY3Cyj4tGJOMv9XAkxgnx8n71jDaG+ijOxBXyPBL72jTkPPju0w==}
    engines: {node: '>=18.17.0'}
    hasBin: true

  undici@6.28.1:
    resolution: {integrity: sha512-zWpdTVD54H48CIybL0rWQ3ukpb9d23wM7eH5RtfdmeP70cWHNjtfo7P4vZX+5CoDcO53J4Pu5uXp7lNfjc6DRA==}
    engines: {node: '>=18.17'}

snapshots:

  serverless@4.43.0:
    dependencies:
      undici: 6.28.1

  undici@6.28.1: {}
